schema: '2.0'
stages:
  data_correction:
    cmd: python src/classifier/pipeline/stage_data_correction.py
    params:
      params.yaml:
        data_correction.name: dc2
  data_transformation:
    cmd: python src/classifier/pipeline/stage_03_data_transformation.py
    params:
      params.yaml:
        data_transformation.number: dt3_batch_50000
    outs:
    - path: artifacts/data_transformation_dt3_batch_50000
      hash: md5
      md5: ca01d1dc782a8d9ed9f62129e622e7f1.dir
      size: 303749779
      nfiles: 15
  model_trainer:
    cmd: python src/classifier/pipeline/stage_04_model_training.py
    deps:
    - path: artifacts/data_transformation_dt3
      hash: md5
      md5: 17f833fb65f82c1b1783c3826e8c19ae.dir
      size: 279277125
      nfiles: 6
    params:
      params.yaml:
        model_trainer.model_name: model17_mt
